# This file is generated by running "yarn install" inside your project.
# Manual changes might be lost - proceed with caution!

__metadata:
  version: 8
  cacheKey: 10c0

"02-monorepo@workspace:.":
  version: 0.0.0-use.local
  resolution: "02-monorepo@workspace:."
  dependencies:
    typescript: "npm:^5.5.4"
  languageName: unknown
  linkType: soft

"@company/cli@workspace:packages/cli":
  version: 0.0.0-use.local
  resolution: "@company/cli@workspace:packages/cli"
  dependencies:
    "@company/common": "workspace:^"
  languageName: unknown
  linkType: soft

"@company/common@workspace:^, @company/common@workspace:packages/common":
  version: 0.0.0-use.local
  resolution: "@company/common@workspace:packages/common"
  languageName: unknown
  linkType: soft

"@company/web@workspace:packages/web":
  version: 0.0.0-use.local
  resolution: "@company/web@workspace:packages/web"
  dependencies:
    "@company/common": "workspace:^"
  languageName: unknown
  linkType: soft

"typescript@npm:^5.5.4":
  version: 5.6.2
  resolution: "typescript@npm:5.6.2"
  bin:
    tsc: bin/tsc
    tsserver: bin/tsserver
  checksum: 10c0/3ed8297a8c7c56b7fec282532503d1ac795239d06e7c4966b42d4330c6cf433a170b53bcf93a130a7f14ccc5235de5560df4f1045eb7f3550b46ebed16d3c5e5
  languageName: node
  linkType: hard

"typescript@patch:typescript@npm%3A^5.5.4#optional!builtin<compat/typescript>":
  version: 5.6.2
  resolution: "typescript@patch:typescript@npm%3A5.6.2#optional!builtin<compat/typescript>::version=5.6.2&hash=74658d"
  bin:
    tsc: bin/tsc
    tsserver: bin/tsserver
  checksum: 10c0/e6c1662e4852e22fe4bbdca471dca3e3edc74f6f1df043135c44a18a7902037023ccb0abdfb754595ca9028df8920f2f8492c00fc3cbb4309079aae8b7de71cd
  languageName: node
  linkType: hard
